<?xml version="1.0" encoding="utf-8"?>
<Project ToolsVersion="15.0" xmlns="http://schemas.microsoft.com/developer/msbuild/2003">
  <ItemGroup>
    <ClCompile Include="taglib\tag.cpp" />
    <ClCompile Include="taglib\tagunion.cpp" />
    <ClCompile Include="taglib\fileref.cpp" />
    <ClCompile Include="taglib\audioproperties.cpp" />
    <ClCompile Include="taglib\tagutils.cpp" />
    <ClCompile Include="taglib\toolkit\tstring.cpp">
      <Filter>toolkit</Filter>
    </ClCompile>
    <ClCompile Include="taglib\ape\apefile.cpp">
      <Filter>ape</Filter>
    </ClCompile>
    <ClCompile Include="taglib\ape\apefooter.cpp">
      <Filter>ape</Filter>
    </ClCompile>
    <ClCompile Include="taglib\ape\apeitem.cpp">
      <Filter>ape</Filter>
    </ClCompile>
    <ClCompile Include="taglib\ape\apeproperties.cpp">
      <Filter>ape</Filter>
    </ClCompile>
    <ClCompile Include="taglib\ape\apetag.cpp">
      <Filter>ape</Filter>
    </ClCompile>
    <ClCompile Include="taglib\asf\asfattribute.cpp">
      <Filter>asf</Filter>
    </ClCompile>
    <ClCompile Include="taglib\asf\asffile.cpp">
      <Filter>asf</Filter>
    </ClCompile>
    <ClCompile Include="taglib\asf\asfpicture.cpp">
      <Filter>asf</Filter>
    </ClCompile>
    <ClCompile Include="taglib\asf\asfproperties.cpp">
      <Filter>asf</Filter>
    </ClCompile>
    <ClCompile Include="taglib\asf\asftag.cpp">
      <Filter>asf</Filter>
    </ClCompile>
    <ClCompile Include="taglib\flac\flacunknownmetadatablock.cpp">
      <Filter>flac</Filter>
    </ClCompile>
    <ClCompile Include="taglib\flac\flacfile.cpp">
      <Filter>flac</Filter>
    </ClCompile>
    <ClCompile Include="taglib\flac\flacmetadatablock.cpp">
      <Filter>flac</Filter>
    </ClCompile>
    <ClCompile Include="taglib\flac\flacpicture.cpp">
      <Filter>flac</Filter>
    </ClCompile>
    <ClCompile Include="taglib\flac\flacproperties.cpp">
      <Filter>flac</Filter>
    </ClCompile>
    <ClCompile Include="taglib\it\itfile.cpp">
      <Filter>it</Filter>
    </ClCompile>
    <ClCompile Include="taglib\it\itproperties.cpp">
      <Filter>it</Filter>
    </ClCompile>
    <ClCompile Include="taglib\mod\modfile.cpp">
      <Filter>mod</Filter>
    </ClCompile>
    <ClCompile Include="taglib\mod\modfilebase.cpp">
      <Filter>mod</Filter>
    </ClCompile>
    <ClCompile Include="taglib\mod\modproperties.cpp">
      <Filter>mod</Filter>
    </ClCompile>
    <ClCompile Include="taglib\mod\modtag.cpp">
      <Filter>mod</Filter>
    </ClCompile>
    <ClCompile Include="taglib\mp4\mp4atom.cpp">
      <Filter>mp4</Filter>
    </ClCompile>
    <ClCompile Include="taglib\mp4\mp4coverart.cpp">
      <Filter>mp4</Filter>
    </ClCompile>
    <ClCompile Include="taglib\mp4\mp4file.cpp">
      <Filter>mp4</Filter>
    </ClCompile>
    <ClCompile Include="taglib\mp4\mp4item.cpp">
      <Filter>mp4</Filter>
    </ClCompile>
    <ClCompile Include="taglib\mp4\mp4properties.cpp">
      <Filter>mp4</Filter>
    </ClCompile>
    <ClCompile Include="taglib\mp4\mp4tag.cpp">
      <Filter>mp4</Filter>
    </ClCompile>
    <ClCompile Include="taglib\mpc\mpcproperties.cpp">
      <Filter>mpc</Filter>
    </ClCompile>
    <ClCompile Include="taglib\mpc\mpcfile.cpp">
      <Filter>mpc</Filter>
    </ClCompile>
    <ClCompile Include="taglib\mpeg\mpegfile.cpp">
      <Filter>mpeg</Filter>
    </ClCompile>
    <ClCompile Include="taglib\mpeg\mpegheader.cpp">
      <Filter>mpeg</Filter>
    </ClCompile>
    <ClCompile Include="taglib\mpeg\mpegproperties.cpp">
      <Filter>mpeg</Filter>
    </ClCompile>
    <ClCompile Include="taglib\mpeg\xingheader.cpp">
      <Filter>mpeg</Filter>
    </ClCompile>
    <ClCompile Include="taglib\mpeg\id3v1\id3v1genres.cpp">
      <Filter>mpeg\id3v1</Filter>
    </ClCompile>
    <ClCompile Include="taglib\mpeg\id3v1\id3v1tag.cpp">
      <Filter>mpeg\id3v1</Filter>
    </ClCompile>
    <ClCompile Include="taglib\mpeg\id3v2\id3v2tag.cpp">
      <Filter>mpeg\id3v2</Filter>
    </ClCompile>
    <ClCompile Include="taglib\mpeg\id3v2\id3v2synchdata.cpp">
      <Filter>mpeg\id3v2</Filter>
    </ClCompile>
    <ClCompile Include="taglib\mpeg\id3v2\id3v2header.cpp">
      <Filter>mpeg\id3v2</Filter>
    </ClCompile>
    <ClCompile Include="taglib\mpeg\id3v2\id3v2framefactory.cpp">
      <Filter>mpeg\id3v2</Filter>
    </ClCompile>
    <ClCompile Include="taglib\mpeg\id3v2\id3v2frame.cpp">
      <Filter>mpeg\id3v2</Filter>
    </ClCompile>
    <ClCompile Include="taglib\mpeg\id3v2\id3v2footer.cpp">
      <Filter>mpeg\id3v2</Filter>
    </ClCompile>
    <ClCompile Include="taglib\mpeg\id3v2\id3v2extendedheader.cpp">
      <Filter>mpeg\id3v2</Filter>
    </ClCompile>
    <ClCompile Include="taglib\mpeg\id3v2\frames\attachedpictureframe.cpp">
      <Filter>mpeg\id3v2\frames</Filter>
    </ClCompile>
    <ClCompile Include="taglib\mpeg\id3v2\frames\chapterframe.cpp">
      <Filter>mpeg\id3v2\frames</Filter>
    </ClCompile>
    <ClCompile Include="taglib\mpeg\id3v2\frames\commentsframe.cpp">
      <Filter>mpeg\id3v2\frames</Filter>
    </ClCompile>
    <ClCompile Include="taglib\mpeg\id3v2\frames\eventtimingcodesframe.cpp">
      <Filter>mpeg\id3v2\frames</Filter>
    </ClCompile>
    <ClCompile Include="taglib\mpeg\id3v2\frames\generalencapsulatedobjectframe.cpp">
      <Filter>mpeg\id3v2\frames</Filter>
    </ClCompile>
    <ClCompile Include="taglib\mpeg\id3v2\frames\ownershipframe.cpp">
      <Filter>mpeg\id3v2\frames</Filter>
    </ClCompile>
    <ClCompile Include="taglib\mpeg\id3v2\frames\podcastframe.cpp">
      <Filter>mpeg\id3v2\frames</Filter>
    </ClCompile>
    <ClCompile Include="taglib\mpeg\id3v2\frames\popularimeterframe.cpp">
      <Filter>mpeg\id3v2\frames</Filter>
    </ClCompile>
    <ClCompile Include="taglib\mpeg\id3v2\frames\privateframe.cpp">
      <Filter>mpeg\id3v2\frames</Filter>
    </ClCompile>
    <ClCompile Include="taglib\mpeg\id3v2\frames\relativevolumeframe.cpp">
      <Filter>mpeg\id3v2\frames</Filter>
    </ClCompile>
    <ClCompile Include="taglib\mpeg\id3v2\frames\synchronizedlyricsframe.cpp">
      <Filter>mpeg\id3v2\frames</Filter>
    </ClCompile>
    <ClCompile Include="taglib\mpeg\id3v2\frames\tableofcontentsframe.cpp">
      <Filter>mpeg\id3v2\frames</Filter>
    </ClCompile>
    <ClCompile Include="taglib\mpeg\id3v2\frames\textidentificationframe.cpp">
      <Filter>mpeg\id3v2\frames</Filter>
    </ClCompile>
    <ClCompile Include="taglib\mpeg\id3v2\frames\uniquefileidentifierframe.cpp">
      <Filter>mpeg\id3v2\frames</Filter>
    </ClCompile>
    <ClCompile Include="taglib\mpeg\id3v2\frames\unknownframe.cpp">
      <Filter>mpeg\id3v2\frames</Filter>
    </ClCompile>
    <ClCompile Include="taglib\mpeg\id3v2\frames\unsynchronizedlyricsframe.cpp">
      <Filter>mpeg\id3v2\frames</Filter>
    </ClCompile>
    <ClCompile Include="taglib\mpeg\id3v2\frames\urllinkframe.cpp">
      <Filter>mpeg\id3v2\frames</Filter>
    </ClCompile>
    <ClCompile Include="taglib\ogg\oggpageheader.cpp">
      <Filter>ogg</Filter>
    </ClCompile>
    <ClCompile Include="taglib\ogg\oggpage.cpp">
      <Filter>ogg</Filter>
    </ClCompile>
    <ClCompile Include="taglib\ogg\oggfile.cpp">
      <Filter>ogg</Filter>
    </ClCompile>
    <ClCompile Include="taglib\ogg\xiphcomment.cpp">
      <Filter>ogg</Filter>
    </ClCompile>
    <ClCompile Include="taglib\ogg\flac\oggflacfile.cpp">
      <Filter>ogg\flac</Filter>
    </ClCompile>
    <ClCompile Include="taglib\ogg\opus\opusproperties.cpp">
      <Filter>ogg\opus</Filter>
    </ClCompile>
    <ClCompile Include="taglib\ogg\opus\opusfile.cpp">
      <Filter>ogg\opus</Filter>
    </ClCompile>
    <ClCompile Include="taglib\ogg\speex\speexfile.cpp">
      <Filter>ogg\speex</Filter>
    </ClCompile>
    <ClCompile Include="taglib\ogg\speex\speexproperties.cpp">
      <Filter>ogg\speex</Filter>
    </ClCompile>
    <ClCompile Include="taglib\ogg\vorbis\vorbisfile.cpp">
      <Filter>ogg\vorbis</Filter>
    </ClCompile>
    <ClCompile Include="taglib\ogg\vorbis\vorbisproperties.cpp">
      <Filter>ogg\vorbis</Filter>
    </ClCompile>
    <ClCompile Include="taglib\riff\rifffile.cpp">
      <Filter>riff</Filter>
    </ClCompile>
    <ClCompile Include="taglib\riff\aiff\aifffile.cpp">
      <Filter>riff\aiff</Filter>
    </ClCompile>
    <ClCompile Include="taglib\riff\aiff\aiffproperties.cpp">
      <Filter>riff\aiff</Filter>
    </ClCompile>
    <ClCompile Include="taglib\riff\wav\wavfile.cpp">
      <Filter>riff\wav</Filter>
    </ClCompile>
    <ClCompile Include="taglib\riff\wav\wavproperties.cpp">
      <Filter>riff\wav</Filter>
    </ClCompile>
    <ClCompile Include="taglib\riff\wav\infotag.cpp">
      <Filter>riff\wav</Filter>
    </ClCompile>
    <ClCompile Include="taglib\s3m\s3mfile.cpp">
      <Filter>s3m</Filter>
    </ClCompile>
    <ClCompile Include="taglib\s3m\s3mproperties.cpp">
      <Filter>s3m</Filter>
    </ClCompile>
    <ClCompile Include="taglib\trueaudio\trueaudioproperties.cpp">
      <Filter>trueaudio</Filter>
    </ClCompile>
    <ClCompile Include="taglib\trueaudio\trueaudiofile.cpp">
      <Filter>trueaudio</Filter>
    </ClCompile>
    <ClCompile Include="taglib\wavpack\wavpackfile.cpp">
      <Filter>wavpack</Filter>
    </ClCompile>
    <ClCompile Include="taglib\wavpack\wavpackproperties.cpp">
      <Filter>wavpack</Filter>
    </ClCompile>
    <ClCompile Include="taglib\xm\xmfile.cpp">
      <Filter>xm</Filter>
    </ClCompile>
    <ClCompile Include="taglib\xm\xmproperties.cpp">
      <Filter>xm</Filter>
    </ClCompile>
    <ClCompile Include="taglib\toolkit\tbytevector.cpp">
      <Filter>toolkit</Filter>
    </ClCompile>
    <ClCompile Include="taglib\toolkit\tbytevectorlist.cpp">
      <Filter>toolkit</Filter>
    </ClCompile>
    <ClCompile Include="taglib\toolkit\tbytevectorstream.cpp">
      <Filter>toolkit</Filter>
    </ClCompile>
    <ClCompile Include="taglib\toolkit\tdebug.cpp">
      <Filter>toolkit</Filter>
    </ClCompile>
    <ClCompile Include="taglib\toolkit\tdebuglistener.cpp">
      <Filter>toolkit</Filter>
    </ClCompile>
    <ClCompile Include="taglib\toolkit\tfile.cpp">
      <Filter>toolkit</Filter>
    </ClCompile>
    <ClCompile Include="taglib\toolkit\tfilestream.cpp">
      <Filter>toolkit</Filter>
    </ClCompile>
    <ClCompile Include="taglib\toolkit\tiostream.cpp">
      <Filter>toolkit</Filter>
    </ClCompile>
    <ClCompile Include="taglib\toolkit\tpropertymap.cpp">
      <Filter>toolkit</Filter>
    </ClCompile>
    <ClCompile Include="taglib\toolkit\trefcounter.cpp">
      <Filter>toolkit</Filter>
    </ClCompile>
    <ClCompile Include="taglib\toolkit\tstringlist.cpp">
      <Filter>toolkit</Filter>
    </ClCompile>
    <ClCompile Include="taglib\toolkit\tzlib.cpp">
      <Filter>toolkit</Filter>
    </ClCompile>
  </ItemGroup>
  <ItemGroup>
    <ClInclude Include="taglib\tag.h" />
    <ClInclude Include="taglib\fileref.h" />
    <ClInclude Include="taglib\audioproperties.h" />
    <ClInclude Include="taglib\taglib_export.h" />
    <ClInclude Include="taglib\taglib_config.h" />
    <ClInclude Include="taglib\toolkit\taglib.h">
      <Filter>toolkit</Filter>
    </ClInclude>
    <ClInclude Include="taglib\toolkit\tstring.h">
      <Filter>toolkit</Filter>
    </ClInclude>
    <ClInclude Include="taglib\ape\apefile.h">
      <Filter>ape</Filter>
    </ClInclude>
    <ClInclude Include="taglib\ape\apefooter.h">
      <Filter>ape</Filter>
    </ClInclude>
    <ClInclude Include="taglib\ape\apeitem.h">
      <Filter>ape</Filter>
    </ClInclude>
    <ClInclude Include="taglib\ape\apeproperties.h">
      <Filter>ape</Filter>
    </ClInclude>
    <ClInclude Include="taglib\ape\apetag.h">
      <Filter>ape</Filter>
    </ClInclude>
    <ClInclude Include="taglib\asf\asftag.h">
      <Filter>asf</Filter>
    </ClInclude>
    <ClInclude Include="taglib\asf\asfattribute.h">
      <Filter>asf</Filter>
    </ClInclude>
    <ClInclude Include="taglib\asf\asffile.h">
      <Filter>asf</Filter>
    </ClInclude>
    <ClInclude Include="taglib\asf\asfpicture.h">
      <Filter>asf</Filter>
    </ClInclude>
    <ClInclude Include="taglib\asf\asfproperties.h">
      <Filter>asf</Filter>
    </ClInclude>
    <ClInclude Include="taglib\flac\flacfile.h">
      <Filter>flac</Filter>
    </ClInclude>
    <ClInclude Include="taglib\flac\flacmetadatablock.h">
      <Filter>flac</Filter>
    </ClInclude>
    <ClInclude Include="taglib\flac\flacpicture.h">
      <Filter>flac</Filter>
    </ClInclude>
    <ClInclude Include="taglib\flac\flacproperties.h">
      <Filter>flac</Filter>
    </ClInclude>
    <ClInclude Include="taglib\it\itfile.h">
      <Filter>it</Filter>
    </ClInclude>
    <ClInclude Include="taglib\it\itproperties.h">
      <Filter>it</Filter>
    </ClInclude>
    <ClInclude Include="taglib\mod\modtag.h">
      <Filter>mod</Filter>
    </ClInclude>
    <ClInclude Include="taglib\mod\modfile.h">
      <Filter>mod</Filter>
    </ClInclude>
    <ClInclude Include="taglib\mod\modfilebase.h">
      <Filter>mod</Filter>
    </ClInclude>
    <ClInclude Include="taglib\mod\modproperties.h">
      <Filter>mod</Filter>
    </ClInclude>
    <ClInclude Include="taglib\mp4\mp4tag.h">
      <Filter>mp4</Filter>
    </ClInclude>
    <ClInclude Include="taglib\mp4\mp4atom.h">
      <Filter>mp4</Filter>
    </ClInclude>
    <ClInclude Include="taglib\mp4\mp4coverart.h">
      <Filter>mp4</Filter>
    </ClInclude>
    <ClInclude Include="taglib\mp4\mp4file.h">
      <Filter>mp4</Filter>
    </ClInclude>
    <ClInclude Include="taglib\mp4\mp4item.h">
      <Filter>mp4</Filter>
    </ClInclude>
    <ClInclude Include="taglib\mp4\mp4properties.h">
      <Filter>mp4</Filter>
    </ClInclude>
    <ClInclude Include="taglib\mpc\mpcproperties.h">
      <Filter>mpc</Filter>
    </ClInclude>
    <ClInclude Include="taglib\mpc\mpcfile.h">
      <Filter>mpc</Filter>
    </ClInclude>
    <ClInclude Include="taglib\mpeg\mpegfile.h">
      <Filter>mpeg</Filter>
    </ClInclude>
    <ClInclude Include="taglib\mpeg\mpegheader.h">
      <Filter>mpeg</Filter>
    </ClInclude>
    <ClInclude Include="taglib\mpeg\mpegproperties.h">
      <Filter>mpeg</Filter>
    </ClInclude>
    <ClInclude Include="taglib\mpeg\xingheader.h">
      <Filter>mpeg</Filter>
    </ClInclude>
    <ClInclude Include="taglib\mpeg\id3v1\id3v1genres.h">
      <Filter>mpeg\id3v1</Filter>
    </ClInclude>
    <ClInclude Include="taglib\mpeg\id3v1\id3v1tag.h">
      <Filter>mpeg\id3v1</Filter>
    </ClInclude>
    <ClInclude Include="taglib\mpeg\id3v2\id3v2tag.h">
      <Filter>mpeg\id3v2</Filter>
    </ClInclude>
    <ClInclude Include="taglib\mpeg\id3v2\id3v2synchdata.h">
      <Filter>mpeg\id3v2</Filter>
    </ClInclude>
    <ClInclude Include="taglib\mpeg\id3v2\id3v2header.h">
      <Filter>mpeg\id3v2</Filter>
    </ClInclude>
    <ClInclude Include="taglib\mpeg\id3v2\id3v2framefactory.h">
      <Filter>mpeg\id3v2</Filter>
    </ClInclude>
    <ClInclude Include="taglib\mpeg\id3v2\id3v2frame.h">
      <Filter>mpeg\id3v2</Filter>
    </ClInclude>
    <ClInclude Include="taglib\mpeg\id3v2\id3v2footer.h">
      <Filter>mpeg\id3v2</Filter>
    </ClInclude>
    <ClInclude Include="taglib\mpeg\id3v2\id3v2extendedheader.h">
      <Filter>mpeg\id3v2</Filter>
    </ClInclude>
    <ClInclude Include="taglib\mpeg\id3v2\frames\urllinkframe.h">
      <Filter>mpeg\id3v2\frames</Filter>
    </ClInclude>
    <ClInclude Include="taglib\mpeg\id3v2\frames\attachedpictureframe.h">
      <Filter>mpeg\id3v2\frames</Filter>
    </ClInclude>
    <ClInclude Include="taglib\mpeg\id3v2\frames\chapterframe.h">
      <Filter>mpeg\id3v2\frames</Filter>
    </ClInclude>
    <ClInclude Include="taglib\mpeg\id3v2\frames\commentsframe.h">
      <Filter>mpeg\id3v2\frames</Filter>
    </ClInclude>
    <ClInclude Include="taglib\mpeg\id3v2\frames\eventtimingcodesframe.h">
      <Filter>mpeg\id3v2\frames</Filter>
    </ClInclude>
    <ClInclude Include="taglib\mpeg\id3v2\frames\generalencapsulatedobjectframe.h">
      <Filter>mpeg\id3v2\frames</Filter>
    </ClInclude>
    <ClInclude Include="taglib\mpeg\id3v2\frames\ownershipframe.h">
      <Filter>mpeg\id3v2\frames</Filter>
    </ClInclude>
    <ClInclude Include="taglib\mpeg\id3v2\frames\podcastframe.h">
      <Filter>mpeg\id3v2\frames</Filter>
    </ClInclude>
    <ClInclude Include="taglib\mpeg\id3v2\frames\popularimeterframe.h">
      <Filter>mpeg\id3v2\frames</Filter>
    </ClInclude>
    <ClInclude Include="taglib\mpeg\id3v2\frames\privateframe.h">
      <Filter>mpeg\id3v2\frames</Filter>
    </ClInclude>
    <ClInclude Include="taglib\mpeg\id3v2\frames\relativevolumeframe.h">
      <Filter>mpeg\id3v2\frames</Filter>
    </ClInclude>
    <ClInclude Include="taglib\mpeg\id3v2\frames\synchronizedlyricsframe.h">
      <Filter>mpeg\id3v2\frames</Filter>
    </ClInclude>
    <ClInclude Include="taglib\mpeg\id3v2\frames\tableofcontentsframe.h">
      <Filter>mpeg\id3v2\frames</Filter>
    </ClInclude>
    <ClInclude Include="taglib\mpeg\id3v2\frames\textidentificationframe.h">
      <Filter>mpeg\id3v2\frames</Filter>
    </ClInclude>
    <ClInclude Include="taglib\mpeg\id3v2\frames\uniquefileidentifierframe.h">
      <Filter>mpeg\id3v2\frames</Filter>
    </ClInclude>
    <ClInclude Include="taglib\mpeg\id3v2\frames\unknownframe.h">
      <Filter>mpeg\id3v2\frames</Filter>
    </ClInclude>
    <ClInclude Include="taglib\mpeg\id3v2\frames\unsynchronizedlyricsframe.h">
      <Filter>mpeg\id3v2\frames</Filter>
    </ClInclude>
    <ClInclude Include="taglib\ogg\xiphcomment.h">
      <Filter>ogg</Filter>
    </ClInclude>
    <ClInclude Include="taglib\ogg\oggpageheader.h">
      <Filter>ogg</Filter>
    </ClInclude>
    <ClInclude Include="taglib\ogg\oggpage.h">
      <Filter>ogg</Filter>
    </ClInclude>
    <ClInclude Include="taglib\ogg\oggfile.h">
      <Filter>ogg</Filter>
    </ClInclude>
    <ClInclude Include="taglib\ogg\flac\oggflacfile.h">
      <Filter>ogg\flac</Filter>
    </ClInclude>
    <ClInclude Include="taglib\ogg\opus\opusfile.h">
      <Filter>ogg\opus</Filter>
    </ClInclude>
    <ClInclude Include="taglib\ogg\opus\opusproperties.h">
      <Filter>ogg\opus</Filter>
    </ClInclude>
    <ClInclude Include="taglib\ogg\speex\speexfile.h">
      <Filter>ogg\speex</Filter>
    </ClInclude>
    <ClInclude Include="taglib\ogg\speex\speexproperties.h">
      <Filter>ogg\speex</Filter>
    </ClInclude>
    <ClInclude Include="taglib\ogg\vorbis\vorbisfile.h">
      <Filter>ogg\vorbis</Filter>
    </ClInclude>
    <ClInclude Include="taglib\ogg\vorbis\vorbisproperties.h">
      <Filter>ogg\vorbis</Filter>
    </ClInclude>
    <ClInclude Include="taglib\riff\rifffile.h">
      <Filter>riff</Filter>
    </ClInclude>
    <ClInclude Include="taglib\riff\riffutils.h">
      <Filter>riff</Filter>
    </ClInclude>
    <ClInclude Include="taglib\riff\aiff\aifffile.h">
      <Filter>riff\aiff</Filter>
    </ClInclude>
    <ClInclude Include="taglib\riff\aiff\aiffproperties.h">
      <Filter>riff\aiff</Filter>
    </ClInclude>
    <ClInclude Include="taglib\riff\wav\wavfile.h">
      <Filter>riff\wav</Filter>
    </ClInclude>
    <ClInclude Include="taglib\riff\wav\wavproperties.h">
      <Filter>riff\wav</Filter>
    </ClInclude>
    <ClInclude Include="taglib\riff\wav\infotag.h">
      <Filter>riff\wav</Filter>
    </ClInclude>
    <ClInclude Include="taglib\s3m\s3mproperties.h">
      <Filter>s3m</Filter>
    </ClInclude>
    <ClInclude Include="taglib\s3m\s3mfile.h">
      <Filter>s3m</Filter>
    </ClInclude>
    <ClInclude Include="taglib\trueaudio\trueaudioproperties.h">
      <Filter>trueaudio</Filter>
    </ClInclude>
    <ClInclude Include="taglib\trueaudio\trueaudiofile.h">
      <Filter>trueaudio</Filter>
    </ClInclude>
    <ClInclude Include="taglib\wavpack\wavpackproperties.h">
      <Filter>wavpack</Filter>
    </ClInclude>
    <ClInclude Include="taglib\wavpack\wavpackfile.h">
      <Filter>wavpack</Filter>
    </ClInclude>
    <ClInclude Include="taglib\xm\xmproperties.h">
      <Filter>xm</Filter>
    </ClInclude>
    <ClInclude Include="taglib\xm\xmfile.h">
      <Filter>xm</Filter>
    </ClInclude>
    <ClInclude Include="taglib\toolkit\tbytevector.h">
      <Filter>toolkit</Filter>
    </ClInclude>
    <ClInclude Include="taglib\toolkit\tbytevectorlist.h">
      <Filter>toolkit</Filter>
    </ClInclude>
    <ClInclude Include="taglib\toolkit\tbytevectorstream.h">
      <Filter>toolkit</Filter>
    </ClInclude>
    <ClInclude Include="taglib\toolkit\tdebuglistener.h">
      <Filter>toolkit</Filter>
    </ClInclude>
    <ClInclude Include="taglib\toolkit\tfile.h">
      <Filter>toolkit</Filter>
    </ClInclude>
    <ClInclude Include="taglib\toolkit\tfilestream.h">
      <Filter>toolkit</Filter>
    </ClInclude>
    <ClInclude Include="taglib\toolkit\tiostream.h">
      <Filter>toolkit</Filter>
    </ClInclude>
    <ClInclude Include="taglib\toolkit\tlist.h">
      <Filter>toolkit</Filter>
    </ClInclude>
    <ClInclude Include="taglib\toolkit\tmap.h">
      <Filter>toolkit</Filter>
    </ClInclude>
    <ClInclude Include="taglib\toolkit\tpropertymap.h">
      <Filter>toolkit</Filter>
    </ClInclude>
    <ClInclude Include="taglib\toolkit\trefcounter.h">
      <Filter>toolkit</Filter>
    </ClInclude>
    <ClInclude Include="taglib\toolkit\tstringlist.h">
      <Filter>toolkit</Filter>
    </ClInclude>
    <ClInclude Include="taglib\toolkit\tzlib.h" />
    <ClInclude Include="taglib\tagunion.h" />
    <ClInclude Include="taglib\tagutils.h" />
    <ClInclude Include="taglib\config.h" />
    <ClInclude Include="taglib\toolkit\tutils.h">
      <Filter>toolkit</Filter>
    </ClInclude>
  </ItemGroup>
  <ItemGroup>
    <None Include="taglib\toolkit\tlist.tcc">
      <Filter>toolkit</Filter>
    </None>
    <None Include="taglib\toolkit\tmap.tcc">
      <Filter>toolkit</Filter>
    </None>
  </ItemGroup>
  <ItemGroup>
    <Filter Include="toolkit">
      <UniqueIdentifier>{34005e02-6fed-4ee5-8576-a56a7aaa0afa}</UniqueIdentifier>
    </Filter>
    <Filter Include="riff">
      <UniqueIdentifier>{da7f52e9-9f4c-4735-97b3-c5ca10a42983}</UniqueIdentifier>
    </Filter>
    <Filter Include="riff\aiff">
      <UniqueIdentifier>{afbd43e6-259c-4fea-a231-49056903b3e5}</UniqueIdentifier>
    </Filter>
    <Filter Include="riff\wav">
      <UniqueIdentifier>{2f762202-4b6d-4a80-878d-00772dfaa53a}</UniqueIdentifier>
    </Filter>
    <Filter Include="mpeg">
      <UniqueIdentifier>{70f9ea65-30e1-4fc2-929c-860ce701836b}</UniqueIdentifier>
    </Filter>
    <Filter Include="mpeg\id3v1">
      <UniqueIdentifier>{af65c2eb-0460-4cf1-98df-6480c72b363f}</UniqueIdentifier>
    </Filter>
    <Filter Include="mpeg\id3v2">
      <UniqueIdentifier>{2381ac21-6a61-4e1e-8624-8a962a236657}</UniqueIdentifier>
    </Filter>
    <Filter Include="mpeg\id3v2\frames">
      <UniqueIdentifier>{34119e84-2c73-4d65-9263-c45b771127c6}</UniqueIdentifier>
    </Filter>
    <Filter Include="ape">
      <UniqueIdentifier>{bbda030b-0e6b-4111-908a-4a22f3bf6bf9}</UniqueIdentifier>
      <Extensions>
      </Extensions>
    </Filter>
    <Filter Include="asf">
      <UniqueIdentifier>{5429b26c-7c36-4b1c-bcb1-95fe77e11a59}</UniqueIdentifier>
    </Filter>
    <Filter Include="flac">
      <UniqueIdentifier>{520cae9a-0d80-4b9b-8e36-321b7bb1847a}</UniqueIdentifier>
    </Filter>
    <Filter Include="it">
      <UniqueIdentifier>{c6626314-f15f-472f-8e74-1c396743286d}</UniqueIdentifier>
    </Filter>
    <Filter Include="mod">
      <UniqueIdentifier>{e3a463fc-6973-44a6-9dcc-65d71b195741}</UniqueIdentifier>
    </Filter>
    <Filter Include="mp4">
      <UniqueIdentifier>{9faa87bc-f532-4789-931f-4d2a9c6635b9}</UniqueIdentifier>
    </Filter>
    <Filter Include="mpc">
      <UniqueIdentifier>{673b1325-6eb4-425c-8cb9-b73922abe634}</UniqueIdentifier>
    </Filter>
    <Filter Include="ogg">
      <UniqueIdentifier>{7a6a7cac-b900-439a-8179-d46ced791f56}</UniqueIdentifier>
    </Filter>
    <Filter Include="ogg\flac">
      <UniqueIdentifier>{2144c90f-be68-4741-b5e6-04648ce01ef7}</UniqueIdentifier>
    </Filter>
    <Filter Include="ogg\opus">
      <UniqueIdentifier>{d9c7deae-180a-4814-b119-1eb7c13b2d5b}</UniqueIdentifier>
    </Filter>
    <Filter Include="ogg\speex">
      <UniqueIdentifier>{790a82b7-6e1b-400d-a90f-b429197a338c}</UniqueIdentifier>
    </Filter>
    <Filter Include="ogg\vorbis">
      <UniqueIdentifier>{5edbd7ca-9ae5-47c3-a1f0-10934ddda8b7}</UniqueIdentifier>
    </Filter>
    <Filter Include="s3m">
      <UniqueIdentifier>{bc91ce07-ee5d-4bcf-aefa-c2ab749d86a1}</UniqueIdentifier>
    </Filter>
    <Filter Include="trueaudio">
      <UniqueIdentifier>{88989030-e103-4cd6-b2b1-8344c4e453ac}</UniqueIdentifier>
    </Filter>
    <Filter Include="wavpack">
      <UniqueIdentifier>{0c78aea2-eae2-417d-9539-9d598f7ba0a9}</UniqueIdentifier>
    </Filter>
    <Filter Include="xm">
      <UniqueIdentifier>{23be5224-11c7-4c57-964c-13cd4a4bc15c}</UniqueIdentifier>
    </Filter>
  </ItemGroup>
  <ItemGroup>
    <Text Include="taglib\ape\ape-tag-format.txt">
      <Filter>ape</Filter>
    </Text>
  </ItemGroup>
</Project>