
Microsoft Visual Studio Solution File, Format Version 12.00
# Visual Studio 15
VisualStudioVersion = 15.0.26403.7
MinimumVisualStudioVersion = 10.0.40219.1
Project("{8BC9CEB8-8B4A-11D0-8D11-00A0C91BC942}") = "taglib", "taglib.vcxproj", "{0EB70EAC-2CA4-327F-8ED8-11F04BB709E8}"
EndProject
Project("{8BC9CEB8-8B4A-11D0-8D11-00A0C91BC942}") = "taglib.tests.windows", "tests\taglib.tests.windows\taglib.tests.windows.vcxproj", "{A5A61702-722C-47E3-A427-5D7CE09548C0}"
	ProjectSection(ProjectDependencies) = postProject
		{0EB70EAC-2CA4-327F-8ED8-11F04BB709E8} = {0EB70EAC-2CA4-327F-8ED8-11F04BB709E8}
	EndProjectSection
EndProject
Project("{8BC9CEB8-8B4A-11D0-8D11-00A0C91BC942}") = "taglib.shared", "taglib.shared.vcxitems", "{311CEC29-D147-43AD-991F-80B977AE78DB}"
EndProject
Project("{8BC9CEB8-8B4A-11D0-8D11-00A0C91BC942}") = "taglib.tests.shared", "tests\taglib.tests.shared\taglib.tests.shared.vcxitems", "{DC6B2DFD-265C-4BEC-95F3-91FB7731C37C}"
EndProject
Project("{2150E333-8FDC-42A3-9474-1A3956D46DE8}") = "tests", "tests", "{FAD898AA-DED2-447B-9AD8-61BB77B5F8C8}"
EndProject
Project("{8BC9CEB8-8B4A-11D0-8D11-00A0C91BC942}") = "taglib.uwp", "taglib.uwp\taglib.uwp.vcxproj", "{97730642-5896-4677-9436-2430CB90F5B7}"
EndProject
Project("{8BC9CEB8-8B4A-11D0-8D11-00A0C91BC942}") = "taglib.tests.uwp", "tests\taglib.tests.uwp\taglib.tests.uwp.vcxproj", "{039C2A13-CBBB-4B64-AA28-5D8925771B28}"
	ProjectSection(ProjectDependencies) = postProject
		{97730642-5896-4677-9436-2430CB90F5B7} = {97730642-5896-4677-9436-2430CB90F5B7}
	EndProjectSection
EndProject
Global
	GlobalSection(SharedMSBuildProjectFiles) = preSolution
		tests\taglib.tests.shared\taglib.tests.shared.vcxitems*{039c2a13-cbbb-4b64-aa28-5d8925771b28}*SharedItemsImports = 4
		taglib.shared.vcxitems*{0eb70eac-2ca4-327f-8ed8-11f04bb709e8}*SharedItemsImports = 4
		taglib.shared.vcxitems*{311cec29-d147-43ad-991f-80b977ae78db}*SharedItemsImports = 9
		taglib.shared.vcxitems*{97730642-5896-4677-9436-2430cb90f5b7}*SharedItemsImports = 4
		tests\taglib.tests.shared\taglib.tests.shared.vcxitems*{a5a61702-722c-47e3-a427-5d7ce09548c0}*SharedItemsImports = 4
		tests\taglib.tests.shared\taglib.tests.shared.vcxitems*{dc6b2dfd-265c-4bec-95f3-91fb7731c37c}*SharedItemsImports = 9
	EndGlobalSection
	GlobalSection(SolutionConfigurationPlatforms) = preSolution
		Debug|ARM = Debug|ARM
		Debug|x64 = Debug|x64
		Debug|x86 = Debug|x86
		Release|ARM = Release|ARM
		Release|x64 = Release|x64
		Release|x86 = Release|x86
	EndGlobalSection
	GlobalSection(ProjectConfigurationPlatforms) = postSolution
		{0EB70EAC-2CA4-327F-8ED8-11F04BB709E8}.Debug|ARM.ActiveCfg = Debug|Win32
		{0EB70EAC-2CA4-327F-8ED8-11F04BB709E8}.Debug|x64.ActiveCfg = Debug|x64
		{0EB70EAC-2CA4-327F-8ED8-11F04BB709E8}.Debug|x64.Build.0 = Debug|x64
		{0EB70EAC-2CA4-327F-8ED8-11F04BB709E8}.Debug|x86.ActiveCfg = Debug|Win32
		{0EB70EAC-2CA4-327F-8ED8-11F04BB709E8}.Debug|x86.Build.0 = Debug|Win32
		{0EB70EAC-2CA4-327F-8ED8-11F04BB709E8}.Release|ARM.ActiveCfg = Release|Win32
		{0EB70EAC-2CA4-327F-8ED8-11F04BB709E8}.Release|x64.ActiveCfg = Release|x64
		{0EB70EAC-2CA4-327F-8ED8-11F04BB709E8}.Release|x64.Build.0 = Release|x64
		{0EB70EAC-2CA4-327F-8ED8-11F04BB709E8}.Release|x86.ActiveCfg = Release|Win32
		{0EB70EAC-2CA4-327F-8ED8-11F04BB709E8}.Release|x86.Build.0 = Release|Win32
		{A5A61702-722C-47E3-A427-5D7CE09548C0}.Debug|ARM.ActiveCfg = Debug|Win32
		{A5A61702-722C-47E3-A427-5D7CE09548C0}.Debug|x64.ActiveCfg = Debug|x64
		{A5A61702-722C-47E3-A427-5D7CE09548C0}.Debug|x64.Build.0 = Debug|x64
		{A5A61702-722C-47E3-A427-5D7CE09548C0}.Debug|x86.ActiveCfg = Debug|Win32
		{A5A61702-722C-47E3-A427-5D7CE09548C0}.Debug|x86.Build.0 = Debug|Win32
		{A5A61702-722C-47E3-A427-5D7CE09548C0}.Release|ARM.ActiveCfg = Release|Win32
		{A5A61702-722C-47E3-A427-5D7CE09548C0}.Release|x64.ActiveCfg = Release|x64
		{A5A61702-722C-47E3-A427-5D7CE09548C0}.Release|x64.Build.0 = Release|x64
		{A5A61702-722C-47E3-A427-5D7CE09548C0}.Release|x86.ActiveCfg = Release|Win32
		{A5A61702-722C-47E3-A427-5D7CE09548C0}.Release|x86.Build.0 = Release|Win32
		{97730642-5896-4677-9436-2430CB90F5B7}.Debug|ARM.ActiveCfg = Debug|ARM
		{97730642-5896-4677-9436-2430CB90F5B7}.Debug|ARM.Build.0 = Debug|ARM
		{97730642-5896-4677-9436-2430CB90F5B7}.Debug|x64.ActiveCfg = Debug|x64
		{97730642-5896-4677-9436-2430CB90F5B7}.Debug|x64.Build.0 = Debug|x64
		{97730642-5896-4677-9436-2430CB90F5B7}.Debug|x86.ActiveCfg = Debug|Win32
		{97730642-5896-4677-9436-2430CB90F5B7}.Debug|x86.Build.0 = Debug|Win32
		{97730642-5896-4677-9436-2430CB90F5B7}.Release|ARM.ActiveCfg = Release|ARM
		{97730642-5896-4677-9436-2430CB90F5B7}.Release|ARM.Build.0 = Release|ARM
		{97730642-5896-4677-9436-2430CB90F5B7}.Release|x64.ActiveCfg = Release|x64
		{97730642-5896-4677-9436-2430CB90F5B7}.Release|x64.Build.0 = Release|x64
		{97730642-5896-4677-9436-2430CB90F5B7}.Release|x86.ActiveCfg = Release|Win32
		{97730642-5896-4677-9436-2430CB90F5B7}.Release|x86.Build.0 = Release|Win32
		{039C2A13-CBBB-4B64-AA28-5D8925771B28}.Debug|ARM.ActiveCfg = Debug|ARM
		{039C2A13-CBBB-4B64-AA28-5D8925771B28}.Debug|ARM.Build.0 = Debug|ARM
		{039C2A13-CBBB-4B64-AA28-5D8925771B28}.Debug|ARM.Deploy.0 = Debug|ARM
		{039C2A13-CBBB-4B64-AA28-5D8925771B28}.Debug|x64.ActiveCfg = Debug|x64
		{039C2A13-CBBB-4B64-AA28-5D8925771B28}.Debug|x64.Build.0 = Debug|x64
		{039C2A13-CBBB-4B64-AA28-5D8925771B28}.Debug|x64.Deploy.0 = Debug|x64
		{039C2A13-CBBB-4B64-AA28-5D8925771B28}.Debug|x86.ActiveCfg = Debug|Win32
		{039C2A13-CBBB-4B64-AA28-5D8925771B28}.Debug|x86.Build.0 = Debug|Win32
		{039C2A13-CBBB-4B64-AA28-5D8925771B28}.Debug|x86.Deploy.0 = Debug|Win32
		{039C2A13-CBBB-4B64-AA28-5D8925771B28}.Release|ARM.ActiveCfg = Release|ARM
		{039C2A13-CBBB-4B64-AA28-5D8925771B28}.Release|ARM.Build.0 = Release|ARM
		{039C2A13-CBBB-4B64-AA28-5D8925771B28}.Release|ARM.Deploy.0 = Release|ARM
		{039C2A13-CBBB-4B64-AA28-5D8925771B28}.Release|x64.ActiveCfg = Release|x64
		{039C2A13-CBBB-4B64-AA28-5D8925771B28}.Release|x64.Build.0 = Release|x64
		{039C2A13-CBBB-4B64-AA28-5D8925771B28}.Release|x64.Deploy.0 = Release|x64
		{039C2A13-CBBB-4B64-AA28-5D8925771B28}.Release|x86.ActiveCfg = Release|Win32
		{039C2A13-CBBB-4B64-AA28-5D8925771B28}.Release|x86.Build.0 = Release|Win32
		{039C2A13-CBBB-4B64-AA28-5D8925771B28}.Release|x86.Deploy.0 = Release|Win32
	EndGlobalSection
	GlobalSection(SolutionProperties) = preSolution
		HideSolutionNode = FALSE
	EndGlobalSection
	GlobalSection(NestedProjects) = preSolution
		{A5A61702-722C-47E3-A427-5D7CE09548C0} = {FAD898AA-DED2-447B-9AD8-61BB77B5F8C8}
		{DC6B2DFD-265C-4BEC-95F3-91FB7731C37C} = {FAD898AA-DED2-447B-9AD8-61BB77B5F8C8}
		{039C2A13-CBBB-4B64-AA28-5D8925771B28} = {FAD898AA-DED2-447B-9AD8-61BB77B5F8C8}
	EndGlobalSection
EndGlobal
