<?xml version="1.0" encoding="utf-8"?>
<Project ToolsVersion="15.0" xmlns="http://schemas.microsoft.com/developer/msbuild/2003">
  <ItemGroup>
    <Filter Include="Common">
      <UniqueIdentifier>039c2a13-cbbb-4b64-aa28-5d8925771b28</UniqueIdentifier>
    </Filter>
    <Filter Include="Assets">
      <UniqueIdentifier>55b3a861-a7e9-4b7e-86ae-650fdc86bd5a</UniqueIdentifier>
      <Extensions>bmp;fbx;gif;jpg;jpeg;tga;tiff;tif;png</Extensions>
    </Filter>
    <Filter Include="TestsData">
      <UniqueIdentifier>{9b081c14-2c41-470d-95fd-a1770559c76d}</UniqueIdentifier>
    </Filter>
  </ItemGroup>
  <ItemGroup>
    <ApplicationDefinition Include="UnitTestApp.xaml" />
  </ItemGroup>
  <ItemGroup>
    <ClCompile Include="UnitTestApp.xaml.cpp" />
    <ClCompile Include="UnitTest.cpp" />
    <ClCompile Include="pch.cpp" />
  </ItemGroup>
  <ItemGroup>
    <ClInclude Include="pch.h" />
    <ClInclude Include="UnitTestApp.xaml.h" />
  </ItemGroup>
  <ItemGroup>
    <Xml Include="UnitTestApp.rd.xml" />
  </ItemGroup>
  <ItemGroup>
    <Image Include="Assets\LockScreenLogo.scale-200.png">
      <Filter>Assets</Filter>
    </Image>
    <Image Include="Assets\SplashScreen.scale-200.png">
      <Filter>Assets</Filter>
    </Image>
    <Image Include="Assets\Square44x44Logo.scale-200.png">
      <Filter>Assets</Filter>
    </Image>
    <Image Include="Assets\Square44x44Logo.targetsize-24_altform-unplated.png">
      <Filter>Assets</Filter>
    </Image>
    <Image Include="Assets\Square150x150Logo.scale-200.png">
      <Filter>Assets</Filter>
    </Image>
    <Image Include="Assets\StoreLogo.png">
      <Filter>Assets</Filter>
    </Image>
    <Image Include="Assets\Wide310x150Logo.scale-200.png">
      <Filter>Assets</Filter>
    </Image>
  </ItemGroup>
  <ItemGroup>
    <AppxManifest Include="Package.appxmanifest" />
  </ItemGroup>
  <ItemGroup>
    <None Include="taglib.tests.uwp_TemporaryKey.pfx" />
    <None Include="packages.config" />
    <None Include="..\data\005411.id3">
      <Filter>TestsData</Filter>
    </None>
    <None Include="..\data\alaw.aifc">
      <Filter>TestsData</Filter>
    </None>
    <None Include="..\data\blank_video.m4v">
      <Filter>TestsData</Filter>
    </None>
    <None Include="..\data\broken-tenc.id3">
      <Filter>TestsData</Filter>
    </None>
    <None Include="..\data\changed.mod">
      <Filter>TestsData</Filter>
    </None>
    <None Include="..\data\changed.s3m">
      <Filter>TestsData</Filter>
    </None>
    <None Include="..\data\changed.xm">
      <Filter>TestsData</Filter>
    </None>
    <None Include="..\data\click.mpc">
      <Filter>TestsData</Filter>
    </None>
    <None Include="..\data\click.wv">
      <Filter>TestsData</Filter>
    </None>
    <None Include="..\data\correctness_gain_silent_output.opus">
      <Filter>TestsData</Filter>
    </None>
    <None Include="..\data\covr-junk.m4a">
      <Filter>TestsData</Filter>
    </None>
    <None Include="..\data\duplicate_id3v2.aiff">
      <Filter>TestsData</Filter>
    </None>
    <None Include="..\data\empty.aiff">
      <Filter>TestsData</Filter>
    </None>
    <None Include="..\data\empty.ogg">
      <Filter>TestsData</Filter>
    </None>
    <None Include="..\data\empty.spx">
      <Filter>TestsData</Filter>
    </None>
    <None Include="..\data\empty.tta">
      <Filter>TestsData</Filter>
    </None>
    <None Include="..\data\empty_alac.m4a">
      <Filter>TestsData</Filter>
    </None>
    <None Include="..\data\empty_flac.oga">
      <Filter>TestsData</Filter>
    </None>
    <None Include="..\data\empty_vorbis.oga">
      <Filter>TestsData</Filter>
    </None>
    <None Include="..\data\excessive_alloc.aif">
      <Filter>TestsData</Filter>
    </None>
    <None Include="..\data\four_channels.wv">
      <Filter>TestsData</Filter>
    </None>
    <None Include="..\data\gnre.m4a">
      <Filter>TestsData</Filter>
    </None>
    <None Include="..\data\has-tags.m4a">
      <Filter>TestsData</Filter>
    </None>
    <None Include="..\data\ilst-is-last.m4a">
      <Filter>TestsData</Filter>
    </None>
    <None Include="..\data\infloop.m4a">
      <Filter>TestsData</Filter>
    </None>
    <None Include="..\data\infloop.mpc">
      <Filter>TestsData</Filter>
    </None>
    <None Include="..\data\infloop.wv">
      <Filter>TestsData</Filter>
    </None>
    <None Include="..\data\longloop.ape">
      <Filter>TestsData</Filter>
    </None>
    <None Include="..\data\lossless.wma">
      <Filter>TestsData</Filter>
    </None>
    <None Include="..\data\mac-390-hdr.ape">
      <Filter>TestsData</Filter>
    </None>
    <None Include="..\data\mac-396.ape">
      <Filter>TestsData</Filter>
    </None>
    <None Include="..\data\mac-399.ape">
      <Filter>TestsData</Filter>
    </None>
    <None Include="..\data\mac-399-id3v2.ape">
      <Filter>TestsData</Filter>
    </None>
    <None Include="..\data\mac-399-tagged.ape">
      <Filter>TestsData</Filter>
    </None>
    <None Include="..\data\multiple-vc.flac">
      <Filter>TestsData</Filter>
    </None>
    <None Include="..\data\no_length.wv">
      <Filter>TestsData</Filter>
    </None>
    <None Include="..\data\no-extension">
      <Filter>TestsData</Filter>
    </None>
    <None Include="..\data\noise.aif">
      <Filter>TestsData</Filter>
    </None>
    <None Include="..\data\noise_odd.aif">
      <Filter>TestsData</Filter>
    </None>
    <None Include="..\data\no-tags.3g2">
      <Filter>TestsData</Filter>
    </None>
    <None Include="..\data\no-tags.flac">
      <Filter>TestsData</Filter>
    </None>
    <None Include="..\data\no-tags.m4a">
      <Filter>TestsData</Filter>
    </None>
    <None Include="..\data\segfault.aif">
      <Filter>TestsData</Filter>
    </None>
    <None Include="..\data\segfault.mpc">
      <Filter>TestsData</Filter>
    </None>
    <None Include="..\data\segfault.oga">
      <Filter>TestsData</Filter>
    </None>
    <None Include="..\data\segfault2.mpc">
      <Filter>TestsData</Filter>
    </None>
    <None Include="..\data\silence-1.wma">
      <Filter>TestsData</Filter>
    </None>
    <None Include="..\data\silence-44-s.flac">
      <Filter>TestsData</Filter>
    </None>
    <None Include="..\data\sinewave.flac">
      <Filter>TestsData</Filter>
    </None>
    <None Include="..\data\stripped.xm">
      <Filter>TestsData</Filter>
    </None>
    <None Include="..\data\sv4_header.mpc">
      <Filter>TestsData</Filter>
    </None>
    <None Include="..\data\sv5_header.mpc">
      <Filter>TestsData</Filter>
    </None>
    <None Include="..\data\sv8_header.mpc">
      <Filter>TestsData</Filter>
    </None>
    <None Include="..\data\tagged.tta">
      <Filter>TestsData</Filter>
    </None>
    <None Include="..\data\tagged.wv">
      <Filter>TestsData</Filter>
    </None>
    <None Include="..\data\test.it">
      <Filter>TestsData</Filter>
    </None>
    <None Include="..\data\test.mod">
      <Filter>TestsData</Filter>
    </None>
    <None Include="..\data\test.ogg">
      <Filter>TestsData</Filter>
    </None>
    <None Include="..\data\test.s3m">
      <Filter>TestsData</Filter>
    </None>
    <None Include="..\data\test.xm">
      <Filter>TestsData</Filter>
    </None>
    <None Include="..\data\unsupported-extension.xxx">
      <Filter>TestsData</Filter>
    </None>
    <None Include="..\data\unsynch.id3">
      <Filter>TestsData</Filter>
    </None>
    <None Include="..\data\zerodiv.ape">
      <Filter>TestsData</Filter>
    </None>
    <None Include="..\data\zerodiv.mpc">
      <Filter>TestsData</Filter>
    </None>
    <None Include="..\data\zero-sized-padding.flac">
      <Filter>TestsData</Filter>
    </None>
  </ItemGroup>
  <ItemGroup>
    <Media Include="..\data\64bit.mp4">
      <Filter>TestsData</Filter>
    </Media>
    <Media Include="..\data\alaw.wav">
      <Filter>TestsData</Filter>
    </Media>
    <Media Include="..\data\ape.mp3">
      <Filter>TestsData</Filter>
    </Media>
    <Media Include="..\data\ape-id3v1.mp3">
      <Filter>TestsData</Filter>
    </Media>
    <Media Include="..\data\ape-id3v2.mp3">
      <Filter>TestsData</Filter>
    </Media>
    <Media Include="..\data\bladeenc.mp3">
      <Filter>TestsData</Filter>
    </Media>
    <Media Include="..\data\compressed_id3_frame.mp3">
      <Filter>TestsData</Filter>
    </Media>
    <Media Include="..\data\duplicate_id3v2.mp3">
      <Filter>TestsData</Filter>
    </Media>
    <Media Include="..\data\duplicate_tags.wav">
      <Filter>TestsData</Filter>
    </Media>
    <Media Include="..\data\empty.wav">
      <Filter>TestsData</Filter>
    </Media>
    <Media Include="..\data\excessive_alloc.mp3">
      <Filter>TestsData</Filter>
    </Media>
    <Media Include="..\data\float64.wav">
      <Filter>TestsData</Filter>
    </Media>
    <Media Include="..\data\id3v22-tda.mp3">
      <Filter>TestsData</Filter>
    </Media>
    <Media Include="..\data\infloop.wav">
      <Filter>TestsData</Filter>
    </Media>
    <Media Include="..\data\invalid-frames1.mp3">
      <Filter>TestsData</Filter>
    </Media>
    <Media Include="..\data\invalid-frames2.mp3">
      <Filter>TestsData</Filter>
    </Media>
    <Media Include="..\data\invalid-frames3.mp3">
      <Filter>TestsData</Filter>
    </Media>
    <Media Include="..\data\lame_cbr.mp3">
      <Filter>TestsData</Filter>
    </Media>
    <Media Include="..\data\lame_vbr.mp3">
      <Filter>TestsData</Filter>
    </Media>
    <Media Include="..\data\mpeg2.mp3">
      <Filter>TestsData</Filter>
    </Media>
    <Media Include="..\data\pcm_with_fact_chunk.wav">
      <Filter>TestsData</Filter>
    </Media>
    <Media Include="..\data\rare_frames.mp3">
      <Filter>TestsData</Filter>
    </Media>
    <Media Include="..\data\segfault.wav">
      <Filter>TestsData</Filter>
    </Media>
    <Media Include="..\data\toc_many_children.mp3">
      <Filter>TestsData</Filter>
    </Media>
    <Media Include="..\data\vbri.mp3">
      <Filter>TestsData</Filter>
    </Media>
    <Media Include="..\data\w000.mp3">
      <Filter>TestsData</Filter>
    </Media>
    <Media Include="..\data\xing.mp3">
      <Filter>TestsData</Filter>
    </Media>
    <Media Include="..\data\zero-size-chunk.wav">
      <Filter>TestsData</Filter>
    </Media>
  </ItemGroup>
</Project>